
Microsoft Visual Studio Solution File, Format Version 12.00
# Visual Studio Version 17
VisualStudioVersion = 17.14.36623.8 d17.14
MinimumVisualStudioVersion = 10.0.40219.1
Project("{FAE04EC0-301F-11D3-BF4B-00C04F79EFBC}") = "InputRouter", "InputRouter\InputRouter.csproj", "{97D23B78-A724-4B9E-8DA1-0D3C97D03C2B}"
EndProject
Global
	GlobalSection(SolutionConfigurationPlatforms) = preSolution
		Debug|Any CPU = Debug|Any CPU
		Release|Any CPU = Release|Any CPU
	EndGlobalSection
	GlobalSection(ProjectConfigurationPlatforms) = postSolution
		{97D23B78-A724-4B9E-8DA1-0D3C97D03C2B}.Debug|Any CPU.ActiveCfg = Debug|Any CPU
		{97D23B78-A724-4B9E-8DA1-0D3C97D03C2B}.Debug|Any CPU.Build.0 = Debug|Any CPU
		{97D23B78-A724-4B9E-8DA1-0D3C97D03C2B}.Release|Any CPU.ActiveCfg = Release|Any CPU
		{97D23B78-A724-4B9E-8DA1-0D3C97D03C2B}.Release|Any CPU.Build.0 = Release|Any CPU
	EndGlobalSection
	GlobalSection(SolutionProperties) = preSolution
		HideSolutionNode = FALSE
	EndGlobalSection
	GlobalSection(ExtensibilityGlobals) = postSolution
		SolutionGuid = {95C9D776-9FF7-4918-A987-16465FA85B18}
	EndGlobalSection
EndGlobal
